lockfileVersion: '6.0'

settings:
  autoInstallPeers: true
  excludeLinksFromLockfile: false

devDependencies:
  '@types/node':
    specifier: ^18.17.15
    version: 18.17.15
  typescript:
    specifier: ^5.2.2
    version: 5.2.2

packages:

  /@types/node@18.17.15:
    resolution: {integrity: sha512-2yrWpBk32tvV/JAd3HNHWuZn/VDN1P+72hWirHnvsvTGSqbANi+kSeuQR9yAHnbvaBvHDsoTdXV0Fe+iRtHLKA==}
    dev: true

  /typescript@5.2.2:
    resolution: {integrity: sha512-mI4WrpHsbCIcwT9cF4FZvr80QUeKvsUsUvKDoR+X/7XHQH98xYD8YHZg7ANtz2GtZt/CBq2QJ0thkGJMHfqc1w==}
    engines: {node: '>=14.17'}
    hasBin: true
    dev: true
